NeoBundleLock denite.nvim ac61fb3e6df4e2bbec59dc97b0c1bb0f2c4b313c
NeoBundleLock molokai c67bdfcdb31415aa0ade7f8c003261700a885476
NeoBundleLock mru 6e6064a087e73d6376962a1b05382b6dc72f7048
NeoBundleLock neobundle.vim 30c40ccbfc6371fb922eece6e0657eb5da9e479b
NeoBundleLock neosnippet-snippets 17219351bcbec3708295c72c8280471eed12b8fe
NeoBundleLock neosnippet.vim d5bef2e5bed5400733728765bf1fe671a655d209
NeoBundleLock syntastic 87f3e80b443870ce821f82dd1b3dba5bd66b51b2
NeoBundleLock tcomment_vim e6c51e85de557bfdb02f4a004dae987f701beb5d
NeoBundleLock vim-coffee-script 72f48c3f9bb6ba4f9ba1e6e4933c2c25686a1b62
NeoBundleLock vim-colors-solarized 528a59f26d12278698bb946f8fb82a63711eec21
NeoBundleLock vim-colorschemes 189f5182bb70fd35d0f56fee451c3f22a2a80135
NeoBundleLock vim-dirvish 1cc0c35c7203da2dd5294e37e55e144d106351bd
NeoBundleLock vim-endwise 0067ceda37725d01b7bd5bf249d63b1b5d4e2ab4
NeoBundleLock vim-expand-region 966513543de0ddc2d673b5528a056269e7917276
NeoBundleLock vim-fugitive c00ebd75ac23f4080c0d0bf9453b16304a3fb316
NeoBundleLock vim-gitgutter 5d1a0bfa1bd2b8d8a77fff09d13394e5abbc6143
NeoBundleLock vim-go 10c805b83f160eb9e7f9cbe00d26c1b6d06ba636
NeoBundleLock vim-indent-guides 018298ead9d3aa9cd3b4ae222f81022a33978b09
NeoBundleLock vim-json f5e3181d0b33a9c51377bb7ea8492feddca8b503
NeoBundleLock vim-markdown 3c2215bfed1de1251927fbc94b2631ca27c2958f
NeoBundleLock vim-rails 09ffc844ef959ffe133d0994641ade192531007e
NeoBundleLock vim-slim ce2e9d8b0a8d5af8f5845906fab6ee809b180dd4
NeoBundleLock vim-trailing-whitespace 733fb64337b6da4a51c85a43450cd620d8b617b5
NeoBundleLock vimdoc-ja 6b6b90284173e42f597e6c67621b9a77bb6a90ed
NeoBundleLock vimshell 3787e52766812d8b99a93ccdda57517bc2a0bab6
